<Solution>
  <Folder Name="/Çözüm Öğeleri/">
    <File Path="ReadMe.md" />
  </Folder>
  <Project Path="WebProjectOOP.Business/WebProjectOOP.Business.csproj" />
  <Project Path="WebProjectOOP.Core/WebProjectOOP.Core.csproj" />
  <Project Path="WebProjectOOP.DataAccess/WebProjectOOP.DataAccess.csproj" />
  <Project Path="WebProjectOOP.Entities/WebProjectOOP.Entities.csproj" />
  <Project Path="WebProjectOOP/WebProjectOOP.csproj" />
</Solution>
